
Microsoft Visual Studio Solution File, Format Version 12.00
# Visual Studio Version 16
VisualStudioVersion = 16.0.30413.136
MinimumVisualStudioVersion = 10.0.40219.1
Project("{6EC3EE1D-3C4E-46DD-8F32-0CC8E7565705}") = "IcbmChess", "src\IcbmChess.fsproj", "{0D4B3DEC-0F0F-4A49-9135-78BEFD85FDD2}"
EndProject
Global
	GlobalSection(SolutionConfigurationPlatforms) = preSolution
		Debug|Any CPU = Debug|Any CPU
		Release|Any CPU = Release|Any CPU
	EndGlobalSection
	GlobalSection(ProjectConfigurationPlatforms) = postSolution
		{0D4B3DEC-0F0F-4A49-9135-78BEFD85FDD2}.Debug|Any CPU.ActiveCfg = Debug|Any CPU
		{0D4B3DEC-0F0F-4A49-9135-78BEFD85FDD2}.Debug|Any CPU.Build.0 = Debug|Any CPU
		{0D4B3DEC-0F0F-4A49-9135-78BEFD85FDD2}.Release|Any CPU.ActiveCfg = Release|Any CPU
		{0D4B3DEC-0F0F-4A49-9135-78BEFD85FDD2}.Release|Any CPU.Build.0 = Release|Any CPU
	EndGlobalSection
	GlobalSection(SolutionProperties) = preSolution
		HideSolutionNode = FALSE
	EndGlobalSection
	GlobalSection(ExtensibilityGlobals) = postSolution
		SolutionGuid = {058C7223-FB1D-4FB6-97F8-14ACA937BBE0}
	EndGlobalSection
EndGlobal
